
Microsoft Visual Studio Solution File, Format Version 12.00
# Visual Studio Version 16
VisualStudioVersion = 16.0.29905.134
MinimumVisualStudioVersion = 10.0.40219.1
Project("{9A19103F-16F7-4668-BE54-9A1E7A4F7556}") = "MQTT", "MQTT\MQTT.csproj", "{D1E306DE-6E3E-4E48-ADB8-113BB3B2958D}"
EndProject
Project("{FAE04EC0-301F-11D3-BF4B-00C04F79EFBC}") = "Device", "Server\Device.csproj", "{12720BB8-788A-4709-92A5-AC26865A02FA}"
EndProject
Global
	GlobalSection(SolutionConfigurationPlatforms) = preSolution
		Debug|Any CPU = Debug|Any CPU
		Release|Any CPU = Release|Any CPU
	EndGlobalSection
	GlobalSection(ProjectConfigurationPlatforms) = postSolution
		{D1E306DE-6E3E-4E48-ADB8-113BB3B2958D}.Debug|Any CPU.ActiveCfg = Debug|Any CPU
		{D1E306DE-6E3E-4E48-ADB8-113BB3B2958D}.Debug|Any CPU.Build.0 = Debug|Any CPU
		{D1E306DE-6E3E-4E48-ADB8-113BB3B2958D}.Release|Any CPU.ActiveCfg = Release|Any CPU
		{D1E306DE-6E3E-4E48-ADB8-113BB3B2958D}.Release|Any CPU.Build.0 = Release|Any CPU
		{12720BB8-788A-4709-92A5-AC26865A02FA}.Debug|Any CPU.ActiveCfg = Debug|Any CPU
		{12720BB8-788A-4709-92A5-AC26865A02FA}.Debug|Any CPU.Build.0 = Debug|Any CPU
		{12720BB8-788A-4709-92A5-AC26865A02FA}.Release|Any CPU.ActiveCfg = Release|Any CPU
		{12720BB8-788A-4709-92A5-AC26865A02FA}.Release|Any CPU.Build.0 = Release|Any CPU
	EndGlobalSection
	GlobalSection(SolutionProperties) = preSolution
		HideSolutionNode = FALSE
	EndGlobalSection
	GlobalSection(ExtensibilityGlobals) = postSolution
		SolutionGuid = {6FBFAD38-C9EB-49DF-A8BA-4C83CB34F36A}
	EndGlobalSection
EndGlobal
